
Microsoft Visual Studio Solution File, Format Version 12.00
# Visual Studio Version 16
VisualStudioVersion = 16.0.31129.286
MinimumVisualStudioVersion = 10.0.40219.1
Project("{FAE04EC0-301F-11D3-BF4B-00C04F79EFBC}") = "ClubeLeituraApp", "ClubeLeituraApp\ClubeLeituraApp.csproj", "{0F9710BD-5D5E-4E5C-9317-65B3B98AFF2B}"
EndProject
Global
	GlobalSection(SolutionConfigurationPlatforms) = preSolution
		Debug|Any CPU = Debug|Any CPU
		Release|Any CPU = Release|Any CPU
	EndGlobalSection
	GlobalSection(ProjectConfigurationPlatforms) = postSolution
		{0F9710BD-5D5E-4E5C-9317-65B3B98AFF2B}.Debug|Any CPU.ActiveCfg = Debug|Any CPU
		{0F9710BD-5D5E-4E5C-9317-65B3B98AFF2B}.Debug|Any CPU.Build.0 = Debug|Any CPU
		{0F9710BD-5D5E-4E5C-9317-65B3B98AFF2B}.Release|Any CPU.ActiveCfg = Release|Any CPU
		{0F9710BD-5D5E-4E5C-9317-65B3B98AFF2B}.Release|Any CPU.Build.0 = Release|Any CPU
	EndGlobalSection
	GlobalSection(SolutionProperties) = preSolution
		HideSolutionNode = FALSE
	EndGlobalSection
	GlobalSection(ExtensibilityGlobals) = postSolution
		SolutionGuid = {D1B7544E-F5E5-415E-9BCA-AE7A17B4699E}
	EndGlobalSection
EndGlobal
